[[package]]
category = "main"
description = "Cross-platform colored terminal text."
marker = "sys_platform == \"win32\""
name = "colorama"
optional = false
python-versions = ">=2.7, !=3.0.*, !=3.1.*, !=3.2.*, !=3.3.*"
version = "0.4.1"

[[package]]
category = "main"
description = "Colored terminal output for Python's logging module"
name = "coloredlogs"
optional = false
python-versions = "*"
version = "10.0"

[package.dependencies]
colorama = "*"
humanfriendly = ">=4.7"

[[package]]
category = "main"
description = "Human friendly output for text interfaces using Python"
name = "humanfriendly"
optional = false
python-versions = "*"
version = "4.18"

[package.dependencies]
pyreadline = "*"

[[package]]
category = "main"
description = "Pythonic task execution"
name = "invoke"
optional = false
python-versions = "*"
version = "1.3.0"

[[package]]
category = "main"
description = "A python implmementation of GNU readline."
marker = "sys_platform == \"win32\""
name = "pyreadline"
optional = false
python-versions = "*"
version = "2.1"

[[package]]
category = "main"
description = "YAML parser and emitter for Python"
name = "pyyaml"
optional = false
python-versions = ">=2.7, !=3.0.*, !=3.1.*, !=3.2.*, !=3.3.*"
version = "5.1.2"

[metadata]
content-hash = "29116ff62d5db08b1be05e03ffa4c0f1d8b2a2c6650e5dd79467ce2f110256ed"
python-versions = "^3.6"

[metadata.hashes]
colorama = ["05eed71e2e327246ad6b38c540c4a3117230b19679b875190486ddd2d721422d", "f8ac84de7840f5b9c4e3347b3c1eaa50f7e49c2b07596221daec5edaabbd7c48"]
coloredlogs = ["34fad2e342d5a559c31b6c889e8d14f97cb62c47d9a2ae7b5ed14ea10a79eff8", "b869a2dda3fa88154b9dd850e27828d8755bfab5a838a1c97fbc850c6e377c36"]
humanfriendly = ["23057b10ad6f782e7bc3a20e3cb6768ab919f619bbdc0dd75691121bbde5591d", "33ee8ceb63f1db61cce8b5c800c531e1a61023ac5488ccde2ba574a85be00a85"]
invoke = ["c52274d2e8a6d64ef0d61093e1983268ea1fc0cd13facb9448c4ef0c9a7ac7da", "f4ec8a134c0122ea042c8912529f87652445d9f4de590b353d23f95bfa1f0efd", "fc803a5c9052f15e63310aa81a43498d7c55542beb18564db88a9d75a176fa44"]
pyreadline = ["4530592fc2e85b25b1a9f79664433da09237c1a270e4d78ea5aa3a2c7229e2d1", "65540c21bfe14405a3a77e4c085ecfce88724743a4ead47c66b84defcf82c32e", "9ce5fa65b8992dfa373bddc5b6e0864ead8f291c94fbfec05fbd5c836162e67b"]
pyyaml = ["0113bc0ec2ad727182326b61326afa3d1d8280ae1122493553fd6f4397f33df9", "01adf0b6c6f61bd11af6e10ca52b7d4057dd0be0343eb9283c878cf3af56aee4", "5124373960b0b3f4aa7df1707e63e9f109b5263eca5976c66e08b1c552d4eaf8", "5ca4f10adbddae56d824b2c09668e91219bb178a1eee1faa56af6f99f11bf696", "7907be34ffa3c5a32b60b95f4d95ea25361c951383a894fec31be7252b2b6f34", "7ec9b2a4ed5cad025c2278a1e6a19c011c80a3caaac804fd2d329e9cc2c287c9", "87ae4c829bb25b9fe99cf71fbb2140c448f534e24c998cc60f39ae4f94396a73", "9de9919becc9cc2ff03637872a440195ac4241c80536632fffeb6a1e25a74299", "a5a85b10e450c66b49f98846937e8cfca1db3127a9d5d1e31ca45c3d0bef4c5b", "b0997827b4f6a7c286c01c5f60384d218dca4ed7d9efa945c3e1aa623d5709ae", "b631ef96d3222e62861443cc89d6563ba3eeb816eeb96b2629345ab795e53681", "bf47c0607522fdbca6c9e817a6e81b08491de50f3766a7a0e6a5be7905961b41", "f81025eddd0327c7d4cfe9b62cf33190e1e736cc6e97502b3ec425f574b3e7a8"]
